<?xml version="1.0" encoding="utf-8"?>
<Project ToolsVersion="4.0" xmlns="http://schemas.microsoft.com/developer/msbuild/2003">
  <ItemGroup>
    <ClCompile Include="Mainer.cpp" />
    <ClCompile Include="GLWindow.cpp" />
  </ItemGroup>
  <ItemGroup>
    <ClInclude Include="GLWindow.h" />
    <ClInclude Include="Vertex.h">
      <Filter>Primitives</Filter>
    </ClInclude>
  </ItemGroup>
  <ItemGroup>
    <None Include="vertexShaderCode.glsl" />
    <None Include="FragmentShaderCode.glsl" />
  </ItemGroup>
  <ItemGroup>
    <Filter Include="Primitives">
      <UniqueIdentifier>{729264b0-89d4-457f-b92c-ffa5f47c1c99}</UniqueIdentifier>
    </Filter>
  </ItemGroup>
</Project>