<?xml version="1.0" encoding="utf-8"?>
<Project ToolsVersion="4.0" xmlns="http://schemas.microsoft.com/developer/msbuild/2003">
  <ItemGroup>
    <ClCompile Include="Mainer.cpp" />
    <ClCompile Include="GLWindow.cpp" />
    <ClCompile Include="ShapeGenerator.cpp">
      <Filter>Primitives</Filter>
    </ClCompile>
    <ClCompile Include="Camera.cpp" />
  </ItemGroup>
  <ItemGroup>
    <ClInclude Include="GLWindow.h" />
    <ClInclude Include="Vertex.h">
      <Filter>Primitives</Filter>
    </ClInclude>
    <ClInclude Include="ShapeData.h">
      <Filter>Primitives</Filter>
    </ClInclude>
    <ClInclude Include="ShapeGenerator.h">
      <Filter>Primitives</Filter>
    </ClInclude>
    <ClInclude Include="Camera.h" />
    <ClInclude Include="TeapotData.h">
      <Filter>Primitives</Filter>
    </ClInclude>
  </ItemGroup>
  <ItemGroup>
    <None Include="vertexShaderCode.glsl">
      <Filter>Shaders</Filter>
    </None>
    <None Include="FragmentShaderCode.glsl">
      <Filter>Shaders</Filter>
    </None>
    <None Include="VertexShadowShader.glsl">
      <Filter>Shaders</Filter>
    </None>
    <None Include="FragmentShadowShader.glsl">
      <Filter>Shaders</Filter>
    </None>
  </ItemGroup>
  <ItemGroup>
    <Filter Include="Primitives">
      <UniqueIdentifier>{729264b0-89d4-457f-b92c-ffa5f47c1c99}</UniqueIdentifier>
    </Filter>
    <Filter Include="Shaders">
      <UniqueIdentifier>{2e995db4-0ec0-4e8d-863b-f47657c723fe}</UniqueIdentifier>
    </Filter>
  </ItemGroup>
</Project>