<?xml version="1.0" encoding="utf-8"?>
<Project ToolsVersion="4.0" xmlns="http://schemas.microsoft.com/developer/msbuild/2003">
  <ItemGroup>
    <ClCompile Include="Mainer.cpp" />
    <ClCompile Include="GLWindow.cpp" />
    <ClCompile Include="ShapeGenerator.cpp">
      <Filter>Primitives</Filter>
    </ClCompile>
    <ClCompile Include="Camera.cpp" />
    <ClCompile Include="Renderer.cpp">
      <Filter>Renderer</Filter>
    </ClCompile>
    <ClCompile Include="Renderable.cpp">
      <Filter>Renderer</Filter>
    </ClCompile>
    <ClCompile Include="ShapeGeneratorTest.cpp">
      <Filter>Test</Filter>
    </ClCompile>
  </ItemGroup>
  <ItemGroup>
    <ClInclude Include="GLWindow.h" />
    <ClInclude Include="Vertex.h">
      <Filter>Primitives</Filter>
    </ClInclude>
    <ClInclude Include="ShapeData.h">
      <Filter>Primitives</Filter>
    </ClInclude>
    <ClInclude Include="ShapeGenerator.h">
      <Filter>Primitives</Filter>
    </ClInclude>
    <ClInclude Include="Camera.h" />
    <ClInclude Include="TeapotData.h">
      <Filter>Primitives</Filter>
    </ClInclude>
    <ClInclude Include="Renderer.h">
      <Filter>Renderer</Filter>
    </ClInclude>
    <ClInclude Include="Geometry.h">
      <Filter>Renderer</Filter>
    </ClInclude>
    <ClInclude Include="Renderable.h">
      <Filter>Renderer</Filter>
    </ClInclude>
    <ClInclude Include="BufferInfo.h">
      <Filter>Renderer</Filter>
    </ClInclude>
    <ClInclude Include="ShaderProgramInfo.h">
      <Filter>Renderer</Filter>
    </ClInclude>
    <ClInclude Include="DataType.h">
      <Filter>Renderer</Filter>
    </ClInclude>
    <ClInclude Include="VertexTest.h">
      <Filter>Test</Filter>
    </ClInclude>
    <ClInclude Include="ShapeGeneratorTest.h">
      <Filter>Test</Filter>
    </ClInclude>
    <ClInclude Include="ShapeDataTest.h">
      <Filter>Test</Filter>
    </ClInclude>
  </ItemGroup>
  <ItemGroup>
    <None Include="FragmentShaderCode.glsl">
      <Filter>Shaders</Filter>
    </None>
    <None Include="vertexShaderCode.glsl">
      <Filter>Shaders</Filter>
    </None>
    <None Include="VertexShader.glsl">
      <Filter>Shaders</Filter>
    </None>
    <None Include="FragmentShader.glsl">
      <Filter>Shaders</Filter>
    </None>
    <None Include="FragmentShadertest.glsl">
      <Filter>Shaders</Filter>
    </None>
    <None Include="VertexShaderTest.glsl">
      <Filter>Shaders</Filter>
    </None>
  </ItemGroup>
  <ItemGroup>
    <Filter Include="Primitives">
      <UniqueIdentifier>{729264b0-89d4-457f-b92c-ffa5f47c1c99}</UniqueIdentifier>
    </Filter>
    <Filter Include="Shaders">
      <UniqueIdentifier>{2e995db4-0ec0-4e8d-863b-f47657c723fe}</UniqueIdentifier>
    </Filter>
    <Filter Include="Renderer">
      <UniqueIdentifier>{cf5c13ad-6e5f-453e-9e77-61f3e41e93db}</UniqueIdentifier>
    </Filter>
    <Filter Include="Test">
      <UniqueIdentifier>{4155ed20-0d96-43d2-891e-1018a1720d83}</UniqueIdentifier>
    </Filter>
  </ItemGroup>
</Project>